<Solution>
  <Configurations>
    <BuildType Name="Debug" />
    <BuildType Name="Release" />
  </Configurations>
  <Project Path="ConsoleFramework/ConsoleFramework.csproj" />
  <Project Path="ExamplesStandalone/ManyControls/ManyControls.csproj" />
  <Project Path="ExamplesStandalone/TextEditor/TextEditor.csproj" />
  <Project Path="Tests/Tests.csproj" />
</Solution>
